
Microsoft Visual Studio Solution File, Format Version 12.00
# Visual Studio Version 16
VisualStudioVersion = 16.0.30204.135
MinimumVisualStudioVersion = 10.0.40219.1
Project("{FAE04EC0-301F-11D3-BF4B-00C04F79EFBC}") = "gitezunk", "gitezunk\gitezunk.csproj", "{76745DF7-51DC-4C8C-8EBC-B6AAE2A7CA3B}"
EndProject
Global
	GlobalSection(SolutionConfigurationPlatforms) = preSolution
		Debug|Any CPU = Debug|Any CPU
		Release|Any CPU = Release|Any CPU
	EndGlobalSection
	GlobalSection(ProjectConfigurationPlatforms) = postSolution
		{76745DF7-51DC-4C8C-8EBC-B6AAE2A7CA3B}.Debug|Any CPU.ActiveCfg = Debug|Any CPU
		{76745DF7-51DC-4C8C-8EBC-B6AAE2A7CA3B}.Debug|Any CPU.Build.0 = Debug|Any CPU
		{76745DF7-51DC-4C8C-8EBC-B6AAE2A7CA3B}.Release|Any CPU.ActiveCfg = Release|Any CPU
		{76745DF7-51DC-4C8C-8EBC-B6AAE2A7CA3B}.Release|Any CPU.Build.0 = Release|Any CPU
	EndGlobalSection
	GlobalSection(SolutionProperties) = preSolution
		HideSolutionNode = FALSE
	EndGlobalSection
	GlobalSection(ExtensibilityGlobals) = postSolution
		SolutionGuid = {B457D093-15B4-48BC-87E2-9CFACC9DF42E}
	EndGlobalSection
EndGlobal
